
Microsoft Visual Studio Solution File, Format Version 12.00
# Visual Studio Version 16
VisualStudioVersion = 16.0.30114.105
MinimumVisualStudioVersion = 10.0.40219.1
Project("{FAE04EC0-301F-11D3-BF4B-00C04F79EFBC}") = "ExpressionProblem", "ExpressionProblem\ExpressionProblem.csproj", "{C37E4755-56A6-45D3-A43A-D5DF9D35E0E9}"
EndProject
Project("{F2A71F9B-5D33-465A-A702-920D77279786}") = "ExpressionProblemFS", "ExpressionProblemFS\ExpressionProblemFS.fsproj", "{3CEF6153-0AA3-4F71-A83E-B9C40A25FF12}"
EndProject
Global
	GlobalSection(SolutionConfigurationPlatforms) = preSolution
		Debug|Any CPU = Debug|Any CPU
		Release|Any CPU = Release|Any CPU
	EndGlobalSection
	GlobalSection(ProjectConfigurationPlatforms) = postSolution
		{C37E4755-56A6-45D3-A43A-D5DF9D35E0E9}.Debug|Any CPU.ActiveCfg = Debug|Any CPU
		{C37E4755-56A6-45D3-A43A-D5DF9D35E0E9}.Debug|Any CPU.Build.0 = Debug|Any CPU
		{C37E4755-56A6-45D3-A43A-D5DF9D35E0E9}.Release|Any CPU.ActiveCfg = Release|Any CPU
		{C37E4755-56A6-45D3-A43A-D5DF9D35E0E9}.Release|Any CPU.Build.0 = Release|Any CPU
		{3CEF6153-0AA3-4F71-A83E-B9C40A25FF12}.Debug|Any CPU.ActiveCfg = Debug|Any CPU
		{3CEF6153-0AA3-4F71-A83E-B9C40A25FF12}.Debug|Any CPU.Build.0 = Debug|Any CPU
		{3CEF6153-0AA3-4F71-A83E-B9C40A25FF12}.Release|Any CPU.ActiveCfg = Release|Any CPU
		{3CEF6153-0AA3-4F71-A83E-B9C40A25FF12}.Release|Any CPU.Build.0 = Release|Any CPU
	EndGlobalSection
	GlobalSection(SolutionProperties) = preSolution
		HideSolutionNode = FALSE
	EndGlobalSection
	GlobalSection(ExtensibilityGlobals) = postSolution
		SolutionGuid = {9F795739-0A55-455C-A709-DF3A87BDD5EF}
	EndGlobalSection
EndGlobal
